
Microsoft Visual Studio Solution File, Format Version 12.00
# Visual Studio Version 17
VisualStudioVersion = 17.10.34928.147
MinimumVisualStudioVersion = 10.0.40219.1
Project("{888888A0-9F3D-457C-B088-3A5042F75D52}") = "regjaaut", "regjaaut.pyproj", "{18B5D22D-4A53-4B21-9144-E3BBFECFA9B8}"
EndProject
Global
	GlobalSection(SolutionConfigurationPlatforms) = preSolution
		Debug|Any CPU = Debug|Any CPU
		Release|Any CPU = Release|Any CPU
	EndGlobalSection
	GlobalSection(ProjectConfigurationPlatforms) = postSolution
		{18B5D22D-4A53-4B21-9144-E3BBFECFA9B8}.Debug|Any CPU.ActiveCfg = Debug|Any CPU
		{18B5D22D-4A53-4B21-9144-E3BBFECFA9B8}.Release|Any CPU.ActiveCfg = Release|Any CPU
	EndGlobalSection
	GlobalSection(SolutionProperties) = preSolution
		HideSolutionNode = FALSE
	EndGlobalSection
	GlobalSection(ExtensibilityGlobals) = postSolution
		SolutionGuid = {671E3514-31C9-495D-A63C-F765D74333CC}
	EndGlobalSection
EndGlobal
